
Microsoft Visual Studio Solution File, Format Version 12.00
# Visual Studio Version 16
VisualStudioVersion = 16.0.31424.327
MinimumVisualStudioVersion = 10.0.40219.1
Project("{FAE04EC0-301F-11D3-BF4B-00C04F79EFBC}") = "ANewServer", "ANewServer.csproj", "{4160043B-7578-4FC5-9FAF-3DA752133C01}"
EndProject
Global
	GlobalSection(SolutionConfigurationPlatforms) = preSolution
		Debug|Any CPU = Debug|Any CPU
		Release|Any CPU = Release|Any CPU
	EndGlobalSection
	GlobalSection(ProjectConfigurationPlatforms) = postSolution
		{4160043B-7578-4FC5-9FAF-3DA752133C01}.Debug|Any CPU.ActiveCfg = Debug|Any CPU
		{4160043B-7578-4FC5-9FAF-3DA752133C01}.Debug|Any CPU.Build.0 = Debug|Any CPU
		{4160043B-7578-4FC5-9FAF-3DA752133C01}.Release|Any CPU.ActiveCfg = Release|Any CPU
		{4160043B-7578-4FC5-9FAF-3DA752133C01}.Release|Any CPU.Build.0 = Release|Any CPU
	EndGlobalSection
	GlobalSection(SolutionProperties) = preSolution
		HideSolutionNode = FALSE
	EndGlobalSection
	GlobalSection(ExtensibilityGlobals) = postSolution
		SolutionGuid = {2F578F1D-9CDF-4C47-9434-ADA59B8C1F08}
	EndGlobalSection
EndGlobal
